
Microsoft Visual Studio Solution File, Format Version 12.00
# Visual Studio Version 17
VisualStudioVersion = 17.3.32825.248
MinimumVisualStudioVersion = 10.0.40219.1
Project("{FAE04EC0-301F-11D3-BF4B-00C04F79EFBC}") = "ClaireWalker.PcBuilder.ConsoleHost", "ClaireWalker.PcBuilder.ConsoleHost\ClaireWalker.PcBuilder.ConsoleHost.csproj", "{7B49FC01-40BA-43FF-8598-8C1697C72447}"
EndProject
Global
	GlobalSection(SolutionConfigurationPlatforms) = preSolution
		Debug|Any CPU = Debug|Any CPU
		Release|Any CPU = Release|Any CPU
	EndGlobalSection
	GlobalSection(ProjectConfigurationPlatforms) = postSolution
		{7B49FC01-40BA-43FF-8598-8C1697C72447}.Debug|Any CPU.ActiveCfg = Debug|Any CPU
		{7B49FC01-40BA-43FF-8598-8C1697C72447}.Debug|Any CPU.Build.0 = Debug|Any CPU
		{7B49FC01-40BA-43FF-8598-8C1697C72447}.Release|Any CPU.ActiveCfg = Release|Any CPU
		{7B49FC01-40BA-43FF-8598-8C1697C72447}.Release|Any CPU.Build.0 = Release|Any CPU
	EndGlobalSection
	GlobalSection(SolutionProperties) = preSolution
		HideSolutionNode = FALSE
	EndGlobalSection
	GlobalSection(ExtensibilityGlobals) = postSolution
		SolutionGuid = {62486333-24E3-40EC-8D56-B5296446C008}
	EndGlobalSection
EndGlobal
