
Microsoft Visual Studio Solution File, Format Version 12.00
# Visual Studio Version 17
VisualStudioVersion = 17.3.32825.248
MinimumVisualStudioVersion = 10.0.40219.1
Project("{9A19103F-16F7-4668-BE54-9A1E7A4F7556}") = "ClaireWalker.ContactManager.UI", "ClaireWalker.ContactManager.UI\ClaireWalker.ContactManager.UI.csproj", "{A572A084-8C51-453B-AD46-BD5CA6BD3934}"
EndProject
Project("{9A19103F-16F7-4668-BE54-9A1E7A4F7556}") = "ContactManager", "ContactManager\ContactManager.csproj", "{B6F4F489-797A-4DC5-8ABB-F669889D222F}"
EndProject
Project("{FAE04EC0-301F-11D3-BF4B-00C04F79EFBC}") = "ContactManager.ConsoleHost", "ContactManager.ConsoleHost\ContactManager.ConsoleHost.csproj", "{5897431D-12BF-42E4-B0D4-BC8E12A1DB74}"
EndProject
Global
	GlobalSection(SolutionConfigurationPlatforms) = preSolution
		Debug|Any CPU = Debug|Any CPU
		Release|Any CPU = Release|Any CPU
	EndGlobalSection
	GlobalSection(ProjectConfigurationPlatforms) = postSolution
		{A572A084-8C51-453B-AD46-BD5CA6BD3934}.Debug|Any CPU.ActiveCfg = Debug|Any CPU
		{A572A084-8C51-453B-AD46-BD5CA6BD3934}.Debug|Any CPU.Build.0 = Debug|Any CPU
		{A572A084-8C51-453B-AD46-BD5CA6BD3934}.Release|Any CPU.ActiveCfg = Release|Any CPU
		{A572A084-8C51-453B-AD46-BD5CA6BD3934}.Release|Any CPU.Build.0 = Release|Any CPU
		{B6F4F489-797A-4DC5-8ABB-F669889D222F}.Debug|Any CPU.ActiveCfg = Debug|Any CPU
		{B6F4F489-797A-4DC5-8ABB-F669889D222F}.Debug|Any CPU.Build.0 = Debug|Any CPU
		{B6F4F489-797A-4DC5-8ABB-F669889D222F}.Release|Any CPU.ActiveCfg = Release|Any CPU
		{B6F4F489-797A-4DC5-8ABB-F669889D222F}.Release|Any CPU.Build.0 = Release|Any CPU
		{5897431D-12BF-42E4-B0D4-BC8E12A1DB74}.Debug|Any CPU.ActiveCfg = Debug|Any CPU
		{5897431D-12BF-42E4-B0D4-BC8E12A1DB74}.Debug|Any CPU.Build.0 = Debug|Any CPU
		{5897431D-12BF-42E4-B0D4-BC8E12A1DB74}.Release|Any CPU.ActiveCfg = Release|Any CPU
		{5897431D-12BF-42E4-B0D4-BC8E12A1DB74}.Release|Any CPU.Build.0 = Release|Any CPU
	EndGlobalSection
	GlobalSection(SolutionProperties) = preSolution
		HideSolutionNode = FALSE
	EndGlobalSection
	GlobalSection(ExtensibilityGlobals) = postSolution
		SolutionGuid = {99A21D69-BFA7-4F63-BFC4-2E9A3F5C87DE}
	EndGlobalSection
EndGlobal
