
Microsoft Visual Studio Solution File, Format Version 12.00
# Visual Studio Version 17
VisualStudioVersion = 17.2.32630.192
MinimumVisualStudioVersion = 10.0.40219.1
Project("{FAE04EC0-301F-11D3-BF4B-00C04F79EFBC}") = "Section1", "Section1\Section1.csproj", "{74337718-1B41-4064-8908-0B70BF78494E}"
EndProject
Global
	GlobalSection(SolutionConfigurationPlatforms) = preSolution
		Debug|Any CPU = Debug|Any CPU
		Release|Any CPU = Release|Any CPU
	EndGlobalSection
	GlobalSection(ProjectConfigurationPlatforms) = postSolution
		{74337718-1B41-4064-8908-0B70BF78494E}.Debug|Any CPU.ActiveCfg = Debug|Any CPU
		{74337718-1B41-4064-8908-0B70BF78494E}.Debug|Any CPU.Build.0 = Debug|Any CPU
		{74337718-1B41-4064-8908-0B70BF78494E}.Release|Any CPU.ActiveCfg = Release|Any CPU
		{74337718-1B41-4064-8908-0B70BF78494E}.Release|Any CPU.Build.0 = Release|Any CPU
	EndGlobalSection
	GlobalSection(SolutionProperties) = preSolution
		HideSolutionNode = FALSE
	EndGlobalSection
	GlobalSection(ExtensibilityGlobals) = postSolution
		SolutionGuid = {3335AA61-E135-42F9-8C1D-9C9921B8722E}
	EndGlobalSection
EndGlobal
